<?xml version="1.0" encoding="utf-8"?>
<Project ToolsVersion="4.0" xmlns="http://schemas.microsoft.com/developer/msbuild/2003">
  <ItemGroup>
    <Filter Include="Source Files">
      <UniqueIdentifier>{61dbb0b1-dc5e-4bfd-bf1c-340d2f1a3182}</UniqueIdentifier>
      <Extensions>cpp;c;cxx;def;odl;idl;hpj;bat;asm</Extensions>
    </Filter>
    <Filter Include="Header Files">
      <UniqueIdentifier>{b3291745-94e3-4bca-847a-8d611347ddeb}</UniqueIdentifier>
      <Extensions>h;hpp;hxx;hm;inl;inc</Extensions>
    </Filter>
  </ItemGroup>
  <ItemGroup>
    <ClCompile Include="..\..\coll\ColBoxtree.cpp">
      <Filter>Source Files</Filter>
    </ClCompile>
    <ClCompile Include="..\..\coll\ColConvexHull.cpp">
      <Filter>Source Files</Filter>
    </ClCompile>
    <ClCompile Include="..\..\coll\ColDopTree.cpp">
      <Filter>Source Files</Filter>
    </ClCompile>
    <ClCompile Include="..\..\coll\ColExceptions.cpp">
      <Filter>Source Files</Filter>
    </ClCompile>
    <ClCompile Include="..\..\coll\ColGrid.cpp">
      <Filter>Source Files</Filter>
    </ClCompile>
    <ClCompile Include="..\..\coll\ColGridCell.cpp">
      <Filter>Source Files</Filter>
    </ClCompile>
    <ClCompile Include="..\..\coll\ColGridObj.cpp">
      <Filter>Source Files</Filter>
    </ClCompile>
    <ClCompile Include="..\..\coll\ColIntersect.cpp">
      <Filter>Source Files</Filter>
    </ClCompile>
    <ClCompile Include="..\..\coll\Collision.cpp">
      <Filter>Source Files</Filter>
    </ClCompile>
    <ClCompile Include="..\..\coll\ColObj.cpp">
      <Filter>Source Files</Filter>
    </ClCompile>
    <ClCompile Include="..\..\coll\ColPipelineData.cpp">
      <Filter>Source Files</Filter>
    </ClCompile>
    <ClCompile Include="..\..\coll\ColRequest.cpp">
      <Filter>Source Files</Filter>
    </ClCompile>
    <ClCompile Include="..\..\coll\ColTopology.cpp">
      <Filter>Source Files</Filter>
    </ClCompile>
    <ClCompile Include="..\..\coll\ColUtils.cpp">
      <Filter>Source Files</Filter>
    </ClCompile>
    <ClCompile Include="..\..\coll\ColVisDebug.cpp">
      <Filter>Source Files</Filter>
    </ClCompile>
    <ClCompile Include="..\..\coll\lulgs.cpp">
      <Filter>Source Files</Filter>
    </ClCompile>
    <ClCompile Include="..\..\coll\nrutil.cpp">
      <Filter>Source Files</Filter>
    </ClCompile>
  </ItemGroup>
  <ItemGroup>
    <ClInclude Include="..\..\coll\col_import_export.h">
      <Filter>Header Files</Filter>
    </ClInclude>
    <ClInclude Include="..\..\coll\ColBoxtree.h">
      <Filter>Header Files</Filter>
    </ClInclude>
    <ClInclude Include="..\..\coll\ColConvexHull.h">
      <Filter>Header Files</Filter>
    </ClInclude>
    <ClInclude Include="..\..\coll\ColDefs.h">
      <Filter>Header Files</Filter>
    </ClInclude>
    <ClInclude Include="..\..\coll\ColDopTree.h">
      <Filter>Header Files</Filter>
    </ClInclude>
    <ClInclude Include="..\..\coll\ColExceptions.h">
      <Filter>Header Files</Filter>
    </ClInclude>
    <ClInclude Include="..\..\coll\ColGrid.h">
      <Filter>Header Files</Filter>
    </ClInclude>
    <ClInclude Include="..\..\coll\ColGridCell.h">
      <Filter>Header Files</Filter>
    </ClInclude>
    <ClInclude Include="..\..\coll\ColGridObj.h">
      <Filter>Header Files</Filter>
    </ClInclude>
    <ClInclude Include="..\..\coll\ColIntersect.h">
      <Filter>Header Files</Filter>
    </ClInclude>
    <ClInclude Include="..\..\coll\Collision.h">
      <Filter>Header Files</Filter>
    </ClInclude>
    <ClInclude Include="..\..\coll\ColObj.h">
      <Filter>Header Files</Filter>
    </ClInclude>
    <ClInclude Include="..\..\coll\ColPipelineData.h">
      <Filter>Header Files</Filter>
    </ClInclude>
    <ClInclude Include="..\..\coll\ColQueue.h">
      <Filter>Header Files</Filter>
    </ClInclude>
    <ClInclude Include="..\..\coll\ColQueue.hpp">
      <Filter>Header Files</Filter>
    </ClInclude>
    <ClInclude Include="..\..\coll\ColTopology.h">
      <Filter>Header Files</Filter>
    </ClInclude>
    <ClInclude Include="..\..\coll\ColUtils.h">
      <Filter>Header Files</Filter>
    </ClInclude>
    <ClInclude Include="..\..\coll\ColVisDebug.h">
      <Filter>Header Files</Filter>
    </ClInclude>
    <ClInclude Include="..\..\coll\lulgs.h">
      <Filter>Header Files</Filter>
    </ClInclude>
    <ClInclude Include="..\..\coll\nrutil.h">
      <Filter>Header Files</Filter>
    </ClInclude>
  </ItemGroup>
</Project>