<?xml version="1.0" encoding="utf-8"?>
<Project ToolsVersion="4.0" xmlns="http://schemas.microsoft.com/developer/msbuild/2003">
  <ItemGroup>
    <Filter Include="源文件">
      <UniqueIdentifier>{4FC737F1-C7A5-4376-A066-2A32D752A2FF}</UniqueIdentifier>
      <Extensions>cpp;c;cc;cxx;def;odl;idl;hpj;bat;asm;asmx</Extensions>
    </Filter>
    <Filter Include="头文件">
      <UniqueIdentifier>{93995380-89BD-4b04-88EB-625FBE52EBFB}</UniqueIdentifier>
      <Extensions>h;hpp;hxx;hm;inl;inc;xsd</Extensions>
    </Filter>
    <Filter Include="资源文件">
      <UniqueIdentifier>{67DA6AB6-F800-4c08-8B7A-83BB121AAD01}</UniqueIdentifier>
      <Extensions>rc;ico;cur;bmp;dlg;rc2;rct;bin;rgs;gif;jpg;jpeg;jpe;resx;tiff;tif;png;wav;mfcribbon-ms</Extensions>
    </Filter>
  </ItemGroup>
  <ItemGroup>
    <ClInclude Include="common\book.h">
      <Filter>头文件</Filter>
    </ClInclude>
    <ClInclude Include="ACH3D.hpp">
      <Filter>头文件</Filter>
    </ClInclude>
    <ClInclude Include="Camera.h">
      <Filter>头文件</Filter>
    </ClInclude>
    <ClInclude Include="Matrix.h">
      <Filter>头文件</Filter>
    </ClInclude>
    <ClInclude Include="CP_PointVector.h">
      <Filter>头文件</Filter>
    </ClInclude>
    <ClInclude Include="gl2ps.h">
      <Filter>头文件</Filter>
    </ClInclude>
    <ClInclude Include="IntersectionTools.hpp">
      <Filter>头文件</Filter>
    </ClInclude>
    <ClInclude Include="KCBP.hpp">
      <Filter>头文件</Filter>
    </ClInclude>
    <ClInclude Include="TextHelper.hpp">
      <Filter>头文件</Filter>
    </ClInclude>
    <ClInclude Include="UIHelper.hpp">
      <Filter>头文件</Filter>
    </ClInclude>
    <ClInclude Include="FileManager.h">
      <Filter>头文件</Filter>
    </ClInclude>
    <ClInclude Include="KDop3D.hpp">
      <Filter>头文件</Filter>
    </ClInclude>
    <ClInclude Include="CudaProjection.hpp">
      <Filter>头文件</Filter>
    </ClInclude>
    <ClInclude Include="ClassicalKmeans.hpp">
      <Filter>头文件</Filter>
    </ClInclude>
    <ClInclude Include="TriangleTriangleIntersectionDetection.hpp">
      <Filter>头文件</Filter>
    </ClInclude>
    <ClInclude Include="BoundingBox.hpp">
      <Filter>头文件</Filter>
    </ClInclude>
    <ClInclude Include="SwiftCollisionDetection.hpp">
      <Filter>头文件</Filter>
    </ClInclude>
    <ClInclude Include="CGALTool.hpp">
      <Filter>头文件</Filter>
    </ClInclude>
    <ClInclude Include="AABB.hpp">
      <Filter>头文件</Filter>
    </ClInclude>
    <ClInclude Include="CollsionQuery.hpp">
      <Filter>头文件</Filter>
    </ClInclude>
    <ClInclude Include="ICollisionQuery.h">
      <Filter>头文件</Filter>
    </ClInclude>
    <ClInclude Include="SolidCollisionQuery.hpp">
      <Filter>头文件</Filter>
    </ClInclude>
    <ClInclude Include="LibCCDQuery.hpp">
      <Filter>头文件</Filter>
    </ClInclude>
    <ClInclude Include="LibCCDQuery2.hpp">
      <Filter>头文件</Filter>
    </ClInclude>
    <ClInclude Include="ccd\ccd.h">
      <Filter>头文件</Filter>
    </ClInclude>
    <ClInclude Include="ccd\quat.h">
      <Filter>头文件</Filter>
    </ClInclude>
    <ClInclude Include="ccd\config.h">
      <Filter>头文件</Filter>
    </ClInclude>
    <ClInclude Include="ccd\vec3.h">
      <Filter>头文件</Filter>
    </ClInclude>
    <ClInclude Include="ccd\compiler.h">
      <Filter>头文件</Filter>
    </ClInclude>
  </ItemGroup>
  <ItemGroup>
    <CudaCompile Include="test.cu">
      <Filter>源文件</Filter>
    </CudaCompile>
  </ItemGroup>
  <ItemGroup>
    <ClCompile Include="Camera.cpp">
      <Filter>源文件</Filter>
    </ClCompile>
    <ClCompile Include="Matrix.cpp">
      <Filter>源文件</Filter>
    </ClCompile>
    <ClCompile Include="CP_PointVector.cpp">
      <Filter>源文件</Filter>
    </ClCompile>
    <ClCompile Include="gl2ps.c">
      <Filter>源文件</Filter>
    </ClCompile>
    <ClCompile Include="Vector.cpp">
      <Filter>源文件</Filter>
    </ClCompile>
    <ClCompile Include="SSEProjection.hpp">
      <Filter>源文件</Filter>
    </ClCompile>
    <ClCompile Include="DynamicCDBench.cpp">
      <Filter>源文件</Filter>
    </ClCompile>
  </ItemGroup>
  <ItemGroup>
    <None Include="Scene.fbx" />
  </ItemGroup>
</Project>